<?xml version="1.0" encoding="utf-8"?>
<Project ToolsVersion="4.0" xmlns="http://schemas.microsoft.com/developer/msbuild/2003">
  <ItemGroup>
    <ClCompile Include="Source\Main.cpp" />
    <ClCompile Include="Engine\Source\Window_Windows.c">
      <Filter>Engine</Filter>
    </ClCompile>
    <ClCompile Include="Engine\Source\Stopwatch_Windows.c">
      <Filter>Engine</Filter>
    </ClCompile>
    <ClCompile Include="Engine\Source\Log.c">
      <Filter>Engine</Filter>
    </ClCompile>
    <ClCompile Include="Engine\Source\Graphics_Vulkan.c">
      <Filter>Engine</Filter>
    </ClCompile>
  </ItemGroup>
  <ItemGroup>
    <Filter Include="Engine">
      <UniqueIdentifier>{3759f972-b6e9-4088-a0a1-29c02192b869}</UniqueIdentifier>
    </Filter>
  </ItemGroup>
  <ItemGroup>
    <ClInclude Include="Engine\Window.h">
      <Filter>Engine</Filter>
    </ClInclude>
    <ClInclude Include="Engine\Stopwatch.h">
      <Filter>Engine</Filter>
    </ClInclude>
    <ClInclude Include="Engine\Log.h">
      <Filter>Engine</Filter>
    </ClInclude>
    <ClInclude Include="Engine\Graphics_Vulkan.h">
      <Filter>Engine</Filter>
    </ClInclude>
  </ItemGroup>
</Project>